Microsoft Visual Studio Solution File, Format Version 12.00
# Visual Studio Version 17
VisualStudioVersion = 17.5.2.0
MinimumVisualStudioVersion = 10.0.40219.1
Project("{FAE04EC0-301F-11D3-BF4B-00C04F79EFBC}") = "AnimateExporter", "AnimateExporter\AnimateExporter.csproj", "{6785E849-361B-BA77-D511-D0ACF3D596DD}"
EndProject
Global
	GlobalSection(SolutionConfigurationPlatforms) = preSolution
		Debug|Any CPU = Debug|Any CPU
		Release|Any CPU = Release|Any CPU
	EndGlobalSection
	GlobalSection(ProjectConfigurationPlatforms) = postSolution
		{6785E849-361B-BA77-D511-D0ACF3D596DD}.Debug|Any CPU.ActiveCfg = Debug|Any CPU
		{6785E849-361B-BA77-D511-D0ACF3D596DD}.Debug|Any CPU.Build.0 = Debug|Any CPU
		{6785E849-361B-BA77-D511-D0ACF3D596DD}.Release|Any CPU.ActiveCfg = Release|Any CPU
		{6785E849-361B-BA77-D511-D0ACF3D596DD}.Release|Any CPU.Build.0 = Release|Any CPU
	EndGlobalSection
	GlobalSection(SolutionProperties) = preSolution
		HideSolutionNode = FALSE
	EndGlobalSection
	GlobalSection(ExtensibilityGlobals) = postSolution
		SolutionGuid = {19E63BE5-9F37-4553-87D3-C1F50450E08E}
	EndGlobalSection
EndGlobal
